# @generated - this file is auto-generated by `mise lock` https://mise.jdx.dev/dev-tools/mise-lock.html

[[tools.node]]
version = "26.5.0"
backend = "core:node"

[tools.node."platforms.linux-arm64"]
checksum = "sha256:308e5fe89a82461ba5a6cf15ff5221b2cdbd7ae87600aa72bb3c3fbdc66412d1"
url = "https://nodejs.org/dist/v26.5.0/node-v26.5.0-linux-arm64.tar.gz"

[tools.node."platforms.linux-arm64-musl"]
checksum = "sha256:1ab31aef6561191693f366cacd75bbcefa0301e49a18bc05554c21893bbdb490"
url = "https://unofficial-builds.nodejs.org/download/release/v26.5.0/node-v26.5.0-linux-arm64-musl.tar.gz"

[tools.node."platforms.linux-x64"]
checksum = "sha256:22b5f47ad6ae78837e4c2b846019965ce1a06ba143de176102294a1bf44fc677"
url = "https://nodejs.org/dist/v26.5.0/node-v26.5.0-linux-x64.tar.gz"

[tools.node."platforms.linux-x64-musl"]
checksum = "sha256:00f1398411a4216c5a6ecaad3b825a0da5ec00e79ee8c173ab65a094d97b9ad8"
url = "https://unofficial-builds.nodejs.org/download/release/v26.5.0/node-v26.5.0-linux-x64-musl.tar.gz"

[tools.node."platforms.macos-arm64"]
checksum = "sha256:ee920559aaa2391569cff4d737e3b83963430e3a14dedd91bfe0ff53171b5af9"
url = "https://nodejs.org/dist/v26.5.0/node-v26.5.0-darwin-arm64.tar.gz"

[tools.node."platforms.macos-x64"]
checksum = "sha256:98293394c945a24e64e00b4177bf075ec963ea70b34d1d2e24bd4a71716d334f"
url = "https://nodejs.org/dist/v26.5.0/node-v26.5.0-darwin-x64.tar.gz"

[tools.node."platforms.windows-x64"]
checksum = "sha256:d3b2277dbcccfdf24ef6302928f64f484cff1d77a6d3caa3a28f4d20ce9158f6"
url = "https://nodejs.org/dist/v26.5.0/node-v26.5.0-win-x64.zip"

[[tools."npm:skills"]]
version = "1.5.20"
backend = "npm:skills"

[[tools.worktrunk]]
version = "0.71.0"
backend = "aqua:max-sixty/worktrunk"

[tools.worktrunk."platforms.linux-arm64"]
checksum = "sha256:22df8f74a708a21cd51774a4b963684788ae6fe4681758b0a3b3dca3218cee83"
url = "https://github.com/max-sixty/worktrunk/releases/download/v0.71.0/worktrunk-aarch64-unknown-linux-musl.tar.xz"
url_api = "https://api.github.com/repos/max-sixty/worktrunk/releases/assets/495845672"

[tools.worktrunk."platforms.linux-arm64-musl"]
checksum = "sha256:22df8f74a708a21cd51774a4b963684788ae6fe4681758b0a3b3dca3218cee83"
url = "https://github.com/max-sixty/worktrunk/releases/download/v0.71.0/worktrunk-aarch64-unknown-linux-musl.tar.xz"
url_api = "https://api.github.com/repos/max-sixty/worktrunk/releases/assets/495845672"

[tools.worktrunk."platforms.linux-x64"]
checksum = "sha256:287f0de1bc5dec271dd5546895c73a085bc090f0eb862946062d7cb18effbdd2"
url = "https://github.com/max-sixty/worktrunk/releases/download/v0.71.0/worktrunk-x86_64-unknown-linux-musl.tar.xz"
url_api = "https://api.github.com/repos/max-sixty/worktrunk/releases/assets/495845692"

[tools.worktrunk."platforms.linux-x64-musl"]
checksum = "sha256:287f0de1bc5dec271dd5546895c73a085bc090f0eb862946062d7cb18effbdd2"
url = "https://github.com/max-sixty/worktrunk/releases/download/v0.71.0/worktrunk-x86_64-unknown-linux-musl.tar.xz"
url_api = "https://api.github.com/repos/max-sixty/worktrunk/releases/assets/495845692"

[tools.worktrunk."platforms.macos-arm64"]
checksum = "sha256:429b31306f50e39d2c90de5da293aa14e6983ffe28a49a4fcedaa3632d28b94c"
url = "https://github.com/max-sixty/worktrunk/releases/download/v0.71.0/worktrunk-aarch64-apple-darwin.tar.xz"
url_api = "https://api.github.com/repos/max-sixty/worktrunk/releases/assets/495845661"

[tools.worktrunk."platforms.macos-x64"]
checksum = "sha256:84e3f45e6ddfd0b1f3b2d7be41b0bcfc6c1711f6369b3e19c6eb8646d72d3e02"
url = "https://github.com/max-sixty/worktrunk/releases/download/v0.71.0/worktrunk-x86_64-apple-darwin.tar.xz"
url_api = "https://api.github.com/repos/max-sixty/worktrunk/releases/assets/495845682"

[tools.worktrunk."platforms.windows-x64"]
checksum = "sha256:3af1357199574a13852931eee5b2b11f5027c6c3bd7cf99d9d4cd36cd838a6e3"
url = "https://github.com/max-sixty/worktrunk/releases/download/v0.71.0/worktrunk-x86_64-pc-windows-msvc.zip"
url_api = "https://api.github.com/repos/max-sixty/worktrunk/releases/assets/495845685"
