# @generated - this file is auto-generated by `mise lock` https://mise.jdx.dev/dev-tools/mise-lock.html

[[tools.node]]
version = "26.8.1"
backend = "core:node"

[tools.node."platforms.linux-arm64"]
checksum = "sha256:d5f973ce975e4bd03e6c2038260f7e9201615aa8e1ee293c72f8dcc2a6d9fddb"
url = "https://nodejs.org/dist/v26.8.1/node-v26.8.1-linux-arm64.tar.gz"

[tools.node."platforms.linux-arm64-musl"]
checksum = "sha256:0fe78afdeb4a4d273b14abbd4b946c772885c58994c9d23b1c8ae0a59a2f8a53"
url = "https://unofficial-builds.nodejs.org/download/release/v26.8.1/node-v26.8.1-linux-arm64-musl.tar.gz"

[tools.node."platforms.linux-x64"]
checksum = "sha256:b2b76660fa4ded4e0b2a41ee3c0c651cd52ea8170ead91ebac1e147ac3d55643"
url = "https://nodejs.org/dist/v26.8.1/node-v26.8.1-linux-x64.tar.gz"

[tools.node."platforms.linux-x64-musl"]
checksum = "sha256:13135a6a2106f9d111fa9b48c8801ed119ad43e7e1d00de17d77a9c44899aada"
url = "https://unofficial-builds.nodejs.org/download/release/v26.8.1/node-v26.8.1-linux-x64-musl.tar.gz"

[tools.node."platforms.macos-arm64"]
checksum = "sha256:6e577fd0d9db776db82306629e441a9dace416702622aebdd171c9dfaa41f4d2"
url = "https://nodejs.org/dist/v26.8.1/node-v26.8.1-darwin-arm64.tar.gz"

[tools.node."platforms.macos-x64"]
checksum = "sha256:fe9c6dbf9c8e1b4443803d75e2a20366e420dae650c747dbb116b22975751baf"
url = "https://nodejs.org/dist/v26.8.1/node-v26.8.1-darwin-x64.tar.gz"

[tools.node."platforms.windows-x64"]
checksum = "sha256:57693d8e93d1b04e7b7de46aca53ecd63e97564e73de36a68428d7ff08d83587"
url = "https://nodejs.org/dist/v26.8.1/node-v26.8.1-win-x64.zip"

[[tools."npm:skills"]]
version = "1.5.23"
backend = "npm:skills"

[[tools.pipx]]
version = "1.17.2"
backend = "aqua:pypa/pipx"

[tools.pipx."platforms.linux-arm64"]
checksum = "sha256:31d517b7afebf55d3b597d613c735389068a973a54712a50641845cf2cb2bb1d"
url = "https://github.com/pypa/pipx/releases/download/1.17.2/pipx.pyz"
url_api = "https://api.github.com/repos/pypa/pipx/releases/assets/540192956"

[tools.pipx."platforms.linux-arm64-musl"]
checksum = "sha256:31d517b7afebf55d3b597d613c735389068a973a54712a50641845cf2cb2bb1d"
url = "https://github.com/pypa/pipx/releases/download/1.17.2/pipx.pyz"
url_api = "https://api.github.com/repos/pypa/pipx/releases/assets/540192956"

[tools.pipx."platforms.linux-x64"]
checksum = "sha256:31d517b7afebf55d3b597d613c735389068a973a54712a50641845cf2cb2bb1d"
url = "https://github.com/pypa/pipx/releases/download/1.17.2/pipx.pyz"
url_api = "https://api.github.com/repos/pypa/pipx/releases/assets/540192956"

[tools.pipx."platforms.linux-x64-musl"]
checksum = "sha256:31d517b7afebf55d3b597d613c735389068a973a54712a50641845cf2cb2bb1d"
url = "https://github.com/pypa/pipx/releases/download/1.17.2/pipx.pyz"
url_api = "https://api.github.com/repos/pypa/pipx/releases/assets/540192956"

[tools.pipx."platforms.macos-arm64"]
checksum = "sha256:31d517b7afebf55d3b597d613c735389068a973a54712a50641845cf2cb2bb1d"
url = "https://github.com/pypa/pipx/releases/download/1.17.2/pipx.pyz"
url_api = "https://api.github.com/repos/pypa/pipx/releases/assets/540192956"

[tools.pipx."platforms.macos-x64"]
checksum = "sha256:31d517b7afebf55d3b597d613c735389068a973a54712a50641845cf2cb2bb1d"
url = "https://github.com/pypa/pipx/releases/download/1.17.2/pipx.pyz"
url_api = "https://api.github.com/repos/pypa/pipx/releases/assets/540192956"

[[tools."pipx:cruft"]]
version = "2.16.0"
backend = "pipx:cruft"

[[tools.worktrunk]]
version = "0.76.0"
backend = "aqua:max-sixty/worktrunk"

[tools.worktrunk."platforms.linux-arm64"]
checksum = "sha256:244be7f5da1e56a6d805ad2fcd70f46de566f522be3abf28c5450e182cda6dc2"
url = "https://github.com/max-sixty/worktrunk/releases/download/v0.76.0/worktrunk-aarch64-unknown-linux-musl.tar.xz"
url_api = "https://api.github.com/repos/max-sixty/worktrunk/releases/assets/540216640"

[tools.worktrunk."platforms.linux-arm64-musl"]
checksum = "sha256:244be7f5da1e56a6d805ad2fcd70f46de566f522be3abf28c5450e182cda6dc2"
url = "https://github.com/max-sixty/worktrunk/releases/download/v0.76.0/worktrunk-aarch64-unknown-linux-musl.tar.xz"
url_api = "https://api.github.com/repos/max-sixty/worktrunk/releases/assets/540216640"

[tools.worktrunk."platforms.linux-x64"]
checksum = "sha256:3bf4d7c026d61f1b8df80bce3bcc5ce1338aed2820bb4b5d0444e4b746990693"
url = "https://github.com/max-sixty/worktrunk/releases/download/v0.76.0/worktrunk-x86_64-unknown-linux-musl.tar.xz"
url_api = "https://api.github.com/repos/max-sixty/worktrunk/releases/assets/540216674"

[tools.worktrunk."platforms.linux-x64-musl"]
checksum = "sha256:3bf4d7c026d61f1b8df80bce3bcc5ce1338aed2820bb4b5d0444e4b746990693"
url = "https://github.com/max-sixty/worktrunk/releases/download/v0.76.0/worktrunk-x86_64-unknown-linux-musl.tar.xz"
url_api = "https://api.github.com/repos/max-sixty/worktrunk/releases/assets/540216674"

[tools.worktrunk."platforms.macos-arm64"]
checksum = "sha256:7b19bb9d5ec60ea4b9bcb11d92606e0575bdf17a01edfe4b841f4281e5d0f56d"
url = "https://github.com/max-sixty/worktrunk/releases/download/v0.76.0/worktrunk-aarch64-apple-darwin.tar.xz"
url_api = "https://api.github.com/repos/max-sixty/worktrunk/releases/assets/540216619"

[tools.worktrunk."platforms.macos-x64"]
checksum = "sha256:080f77560af5d26049083f149ec040eb476af7341feb13a45726e885510c11a9"
url = "https://github.com/max-sixty/worktrunk/releases/download/v0.76.0/worktrunk-x86_64-apple-darwin.tar.xz"
url_api = "https://api.github.com/repos/max-sixty/worktrunk/releases/assets/540216659"

[tools.worktrunk."platforms.windows-x64"]
checksum = "sha256:730d18fa76dfc8912a989b4dc4c3a4e3e963e8102f6e0207fd480588da82a390"
url = "https://github.com/max-sixty/worktrunk/releases/download/v0.76.0/worktrunk-x86_64-pc-windows-msvc.zip"
url_api = "https://api.github.com/repos/max-sixty/worktrunk/releases/assets/540216670"
